
Microsoft Visual Studio Solution File, Format Version 12.00
# Visual Studio Version 17
VisualStudioVersion = 17.4.33403.182
MinimumVisualStudioVersion = 10.0.40219.1
Project("{9A19103F-16F7-4668-BE54-9A1E7A4F7556}") = "HelloFromCSharp", "HelloFromCSharp\HelloFromCSharp.csproj", "{CE0B9C7D-07BC-4DCF-831C-98D36408D61B}"
EndProject
Project("{FAE04EC0-301F-11D3-BF4B-00C04F79EFBC}") = "csharp-training", "csharp-training\csharp-training.csproj", "{5DA70DF9-1DE9-43CB-BB5A-6896F4A2647C}"
EndProject
Global
	GlobalSection(SolutionConfigurationPlatforms) = preSolution
		Debug|Any CPU = Debug|Any CPU
		Release|Any CPU = Release|Any CPU
	EndGlobalSection
	GlobalSection(ProjectConfigurationPlatforms) = postSolution
		{CE0B9C7D-07BC-4DCF-831C-98D36408D61B}.Debug|Any CPU.ActiveCfg = Debug|Any CPU
		{CE0B9C7D-07BC-4DCF-831C-98D36408D61B}.Debug|Any CPU.Build.0 = Debug|Any CPU
		{CE0B9C7D-07BC-4DCF-831C-98D36408D61B}.Release|Any CPU.ActiveCfg = Release|Any CPU
		{CE0B9C7D-07BC-4DCF-831C-98D36408D61B}.Release|Any CPU.Build.0 = Release|Any CPU
		{5DA70DF9-1DE9-43CB-BB5A-6896F4A2647C}.Debug|Any CPU.ActiveCfg = Debug|Any CPU
		{5DA70DF9-1DE9-43CB-BB5A-6896F4A2647C}.Debug|Any CPU.Build.0 = Debug|Any CPU
		{5DA70DF9-1DE9-43CB-BB5A-6896F4A2647C}.Release|Any CPU.ActiveCfg = Release|Any CPU
		{5DA70DF9-1DE9-43CB-BB5A-6896F4A2647C}.Release|Any CPU.Build.0 = Release|Any CPU
	EndGlobalSection
	GlobalSection(SolutionProperties) = preSolution
		HideSolutionNode = FALSE
	EndGlobalSection
	GlobalSection(ExtensibilityGlobals) = postSolution
		SolutionGuid = {6C7ACA32-F8A8-4F56-9D34-838ED8E6EE11}
	EndGlobalSection
EndGlobal
